PODS:
  - connectivity_plus (0.0.1):
    - Flutter
    - FlutterMacOS
  - device_info_plus (0.0.1):
    - Flutter
  - Flutter (1.0.0)
  - flutter_webrtc (0.12.2):
    - Flutter
    - WebRTC-SDK (= 125.6422.06)
  - FlutterPluginRegistrant (0.0.1):
    - connectivity_plus
    - device_info_plus
    - Flutter
    - flutter_webrtc
    - livekit_client
    - meeting_flutter
    - path_provider_foundation
    - permission_handler_apple
    - shared_preferences_foundation
  - livekit_client (2.3.1):
    - Flutter
    - WebRTC-SDK (= 125.6422.06)
  - meeting_flutter (0.0.1):
    - Flutter
  - path_provider_foundation (0.0.1):
    - Flutter
    - FlutterMacOS
  - permission_handler_apple (9.3.0):
    - Flutter
  - shared_preferences_foundation (0.0.1):
    - Flutter
    - FlutterMacOS
  - WebRTC-SDK (125.6422.06)

DEPENDENCIES:
  - connectivity_plus (from `../../.ios/.symlinks/plugins/connectivity_plus/darwin`)
  - device_info_plus (from `../../.ios/.symlinks/plugins/device_info_plus/ios`)
  - Flutter (from `../../.ios/Flutter`)
  - flutter_webrtc (from `../../.ios/.symlinks/plugins/flutter_webrtc/ios`)
  - FlutterPluginRegistrant (from `../../.ios/Flutter/FlutterPluginRegistrant`)
  - livekit_client (from `../../.ios/.symlinks/plugins/livekit_client/ios`)
  - meeting_flutter (from `../../.ios/.symlinks/plugins/meeting_flutter/ios`)
  - path_provider_foundation (from `../../.ios/.symlinks/plugins/path_provider_foundation/darwin`)
  - permission_handler_apple (from `../../.ios/.symlinks/plugins/permission_handler_apple/ios`)
  - shared_preferences_foundation (from `../../.ios/.symlinks/plugins/shared_preferences_foundation/darwin`)

SPEC REPOS:
  trunk:
    - WebRTC-SDK

EXTERNAL SOURCES:
  connectivity_plus:
    :path: "../../.ios/.symlinks/plugins/connectivity_plus/darwin"
  device_info_plus:
    :path: "../../.ios/.symlinks/plugins/device_info_plus/ios"
  Flutter:
    :path: "../../.ios/Flutter"
  flutter_webrtc:
    :path: "../../.ios/.symlinks/plugins/flutter_webrtc/ios"
  FlutterPluginRegistrant:
    :path: "../../.ios/Flutter/FlutterPluginRegistrant"
  livekit_client:
    :path: "../../.ios/.symlinks/plugins/livekit_client/ios"
  meeting_flutter:
    :path: "../../.ios/.symlinks/plugins/meeting_flutter/ios"
  path_provider_foundation:
    :path: "../../.ios/.symlinks/plugins/path_provider_foundation/darwin"
  permission_handler_apple:
    :path: "../../.ios/.symlinks/plugins/permission_handler_apple/ios"
  shared_preferences_foundation:
    :path: "../../.ios/.symlinks/plugins/shared_preferences_foundation/darwin"

SPEC CHECKSUMS:
  connectivity_plus: 18382e7311ba19efcaee94442b23b32507b20695
  device_info_plus: c6fb39579d0f423935b0c9ce7ee2f44b71b9fce6
  Flutter: e0871f40cf51350855a761d2e70bf5af5b9b5de7
  flutter_webrtc: 1a53bd24f97bcfeff512f13699e721897f261563
  FlutterPluginRegistrant: f90f426133b35987ec7474a8c58b9a8205f30cf6
  livekit_client: dbb906ef427fe96dde5854471c3dda0a50cc15f9
  meeting_flutter: 7b5ae794a819c1c67b12c908b00b7246cac55d50
  path_provider_foundation: 2b6b4c569c0fb62ec74538f866245ac84301af46
  permission_handler_apple: 9878588469a2b0d0fc1e048d9f43605f92e6cec2
  shared_preferences_foundation: fcdcbc04712aee1108ac7fda236f363274528f78
  WebRTC-SDK: 79942c006ea64f6fb48d7da8a4786dfc820bc1db

PODFILE CHECKSUM: 3b770a37badc4297d0168481767900f03790566b

COCOAPODS: 1.16.2
